# THIS IS AN AUTOGENERATED FILE. DO NOT EDIT THIS FILE DIRECTLY.
# yarn lockfile v1


"@tsconfig/node14@^1.0.1":
  version "1.0.1"
  resolved "https://registry.yarnpkg.com/@tsconfig/node14/-/node14-1.0.1.tgz#95f2d167ffb9b8d2068b0b235302fafd4df711f2"
  integrity sha512-509r2+yARFfHHE7T6Puu2jjkoycftovhXRqW328PDXTVGKihlb1P8Z9mMZH04ebyajfRY7dedfGynlrFHJUQCg==

"@types/node@^17.0.0":
  version "17.0.0"
  resolved "https://registry.yarnpkg.com/@types/node/-/node-17.0.0.tgz#62797cee3b8b497f6547503b2312254d4fe3c2bb"
  integrity sha512-eMhwJXc931Ihh4tkU+Y7GiLzT/y/DBNpNtr4yU9O2w3SYBsr9NaOPhQlLKRmoWtI54uNwuo0IOUFQjVOTZYRvw==

print-js@^1.6.0:
  version "1.6.0"
  resolved "https://registry.yarnpkg.com/print-js/-/print-js-1.6.0.tgz#692b046cf31992b46afa6c6d8a9db1c69d431d1f"
  integrity sha512-BfnOIzSKbqGRtO4o0rnj/K3681BSd2QUrsIZy/+WdCIugjIswjmx3lDEZpXB2ruGf9d4b3YNINri81+J0FsBWg==

typescript@^4.5.4:
  version "4.5.4"
  resolved "https://registry.yarnpkg.com/typescript/-/typescript-4.5.4.tgz#a17d3a0263bf5c8723b9c52f43c5084edf13c2e8"
  integrity sha512-VgYs2A2QIRuGphtzFV7aQJduJ2gyfTljngLzjpfW9FoYZF6xuw1W0vW9ghCKLfcWrCFxK81CSGRAvS1pn4fIUg==
